
Microsoft Visual Studio Solution File, Format Version 12.00
# Visual Studio Version 16
VisualStudioVersion = 16.0.30523.141
MinimumVisualStudioVersion = 10.0.40219.1
Project("{FAE04EC0-301F-11D3-BF4B-00C04F79EFBC}") = "Assessment1A", "Assessment1A.csproj", "{2C7F889C-25F3-4675-9F1E-5C288DD967F0}"
EndProject
Global
	GlobalSection(SolutionConfigurationPlatforms) = preSolution
		Debug|Any CPU = Debug|Any CPU
		Release|Any CPU = Release|Any CPU
	EndGlobalSection
	GlobalSection(ProjectConfigurationPlatforms) = postSolution
		{2C7F889C-25F3-4675-9F1E-5C288DD967F0}.Debug|Any CPU.ActiveCfg = Debug|Any CPU
		{2C7F889C-25F3-4675-9F1E-5C288DD967F0}.Debug|Any CPU.Build.0 = Debug|Any CPU
		{2C7F889C-25F3-4675-9F1E-5C288DD967F0}.Release|Any CPU.ActiveCfg = Release|Any CPU
		{2C7F889C-25F3-4675-9F1E-5C288DD967F0}.Release|Any CPU.Build.0 = Release|Any CPU
	EndGlobalSection
	GlobalSection(SolutionProperties) = preSolution
		HideSolutionNode = FALSE
	EndGlobalSection
	GlobalSection(ExtensibilityGlobals) = postSolution
		SolutionGuid = {242D9645-77A8-45E8-8C18-0EA65D71EA9A}
	EndGlobalSection
EndGlobal
